
Microsoft Visual Studio Solution File, Format Version 12.00
# Visual Studio Version 16
VisualStudioVersion = 16.0.34601.136
MinimumVisualStudioVersion = 10.0.40219.1
Project("{FAE04EC0-301F-11D3-BF4B-00C04F79EFBC}") = "MVC_LOGIN", "MVC_LOGIN\MVC_LOGIN.csproj", "{FFD4A21C-8FC1-4059-8938-04731BE54262}"
EndProject
Project("{2150E333-8FDC-42A3-9474-1A3956D46DE8}") = "Solution Items", "Solution Items", "{B8ED1DCB-AEAA-4691-90A3-1873A10A54C1}"
	ProjectSection(SolutionItems) = preProject
		.gitignore.txt = .gitignore.txt
	EndProjectSection
EndProject
Global
	GlobalSection(SolutionConfigurationPlatforms) = preSolution
		Debug|Any CPU = Debug|Any CPU
		Release|Any CPU = Release|Any CPU
	EndGlobalSection
	GlobalSection(ProjectConfigurationPlatforms) = postSolution
		{FFD4A21C-8FC1-4059-8938-04731BE54262}.Debug|Any CPU.ActiveCfg = Debug|Any CPU
		{FFD4A21C-8FC1-4059-8938-04731BE54262}.Debug|Any CPU.Build.0 = Debug|Any CPU
		{FFD4A21C-8FC1-4059-8938-04731BE54262}.Release|Any CPU.ActiveCfg = Release|Any CPU
		{FFD4A21C-8FC1-4059-8938-04731BE54262}.Release|Any CPU.Build.0 = Release|Any CPU
	EndGlobalSection
	GlobalSection(SolutionProperties) = preSolution
		HideSolutionNode = FALSE
	EndGlobalSection
	GlobalSection(ExtensibilityGlobals) = postSolution
		SolutionGuid = {A70E0D8D-AFAA-4125-8837-806D3B20875D}
	EndGlobalSection
EndGlobal
